PODS:
  - AMap3DMap (5.2.1):
    - AMapFoundation (~> 1.3)
  - AMapFoundation (1.4.1)
  - AMapLocation (2.4.0):
    - AMapFoundation (~> 1.4)
  - AMapNavi (5.1.0):
    - AMap3DMap (>= 5.2.1)
    - AMapFoundation (~> 1.4)
  - AMapSearch (5.2.1):
    - AMapFoundation (~> 1.2)
  - APNumberPad (1.2.0)
  - AVOSCloud (6.1.1)
  - FTIndicator (1.2.1):
    - FTIndicator/FTNotificationIndicator (= 1.2.1)
    - FTIndicator/FTProgressIndicator (= 1.2.1)
    - FTIndicator/FTToastIndicator (= 1.2.1)
  - FTIndicator/FTNotificationIndicator (1.2.1)
  - FTIndicator/FTProgressIndicator (1.2.1)
  - FTIndicator/FTToastIndicator (1.2.1)
  - MIBlurPopup (0.1.1)
  - swiftScan (1.1.1)
  - SwiftySound (0.4.0)
  - SwiftyTimer (2.0.0)
  - SWRevealViewController (2.3.0)

DEPENDENCIES:
  - AMap3DMap
  - AMapLocation
  - AMapNavi
  - AMapSearch
  - APNumberPad
  - AVOSCloud
  - FTIndicator
  - MIBlurPopup
  - swiftScan
  - SwiftySound
  - SwiftyTimer
  - SWRevealViewController

SPEC CHECKSUMS:
  AMap3DMap: 5a98d7c08d23a7f07853e7ee2fa7650057b75896
  AMapFoundation: 9cc5198980873cca29bb70466a84b3bd922c0e65
  AMapLocation: 47b62b5381a66e4d0c2931b70ffde72682427896
  AMapNavi: 9127e7cc171499830bc5613bc568984ad0b0ed04
  AMapSearch: 4979b98adf56ed4dabe735435ed78d759ba0c21f
  APNumberPad: a63526db2db628824ae92e7124719e87e0f1c969
  AVOSCloud: a21318994cd97adaf9bf19cf0ac38187b3d94f00
  FTIndicator: ef45ca730742b721657e65f56779bdf2b2c0a922
  MIBlurPopup: debbc8f4f631809797140d37b5476745a61e90be
  swiftScan: f1f7f3eccb67ed1fb9777d084486d201dfca0306
  SwiftySound: 4897b230859801982700bb08ec40fa000ea2e59a
  SwiftyTimer: 2efd74b060d69ad4f1496baf5bbedbe132125fcf
  SWRevealViewController: 6d3fd97f70112fd7cef9de14df4260eacce4c63a

PODFILE CHECKSUM: a66c61d1b50ac389e13a6f55e4a4d5f3e85dea28

COCOAPODS: 1.2.1
